// !$*UTF8*$!
{
	archiveVersion = 1;
	classes = {
	};
	objectVersion = 56;
	objects = {

/* Begin PBXBuildFile section */
		AF9FA2D32A39DFD1002E2C71 /* ToDoListApp.swift in Sources */ = {isa = PBXBuildFile; fileRef = AF9FA2D22A39DFD1002E2C71 /* ToDoListApp.swift */; };
		AF9FA2D52A39DFD1002E2C71 /* MainView.swift in Sources */ = {isa = PBXBuildFile; fileRef = AF9FA2D42A39DFD1002E2C71 /* MainView.swift */; };
		AF9FA2D72A39DFD2002E2C71 /* Assets.xcassets in Resources */ = {isa = PBXBuildFile; fileRef = AF9FA2D62A39DFD2002E2C71 /* Assets.xcassets */; };
		AF9FA2DA2A39DFD2002E2C71 /* Preview Assets.xcassets in Resources */ = {isa = PBXBuildFile; fileRef = AF9FA2D92A39DFD2002E2C71 /* Preview Assets.xcassets */; };
		AF9FA2E22A39E47E002E2C71 /* FirebaseAuth in Frameworks */ = {isa = PBXBuildFile; productRef = AF9FA2E12A39E47E002E2C71 /* FirebaseAuth */; };
		AF9FA2E42A39E47E002E2C71 /* FirebaseFirestore in Frameworks */ = {isa = PBXBuildFile; productRef = AF9FA2E32A39E47E002E2C71 /* FirebaseFirestore */; };
		AF9FA2E62A39E47E002E2C71 /* FirebaseFirestoreSwift in Frameworks */ = {isa = PBXBuildFile; productRef = AF9FA2E52A39E47E002E2C71 /* FirebaseFirestoreSwift */; };
		AF9FA2EA2A39EAFD002E2C71 /* GoogleService-Info.plist in Resources */ = {isa = PBXBuildFile; fileRef = AF9FA2E92A39EAFD002E2C71 /* GoogleService-Info.plist */; };
		AF9FA2F02A39ED0F002E2C71 /* ProfileView.swift in Sources */ = {isa = PBXBuildFile; fileRef = AF9FA2EF2A39ED0F002E2C71 /* ProfileView.swift */; };
		AF9FA2F22A39ED40002E2C71 /* ToDoListView.swift in Sources */ = {isa = PBXBuildFile; fileRef = AF9FA2F12A39ED40002E2C71 /* ToDoListView.swift */; };
		AF9FA2F42A39ED4D002E2C71 /* NewItemView.swift in Sources */ = {isa = PBXBuildFile; fileRef = AF9FA2F32A39ED4D002E2C71 /* NewItemView.swift */; };
		AF9FA2F62A39ED54002E2C71 /* LoginView.swift in Sources */ = {isa = PBXBuildFile; fileRef = AF9FA2F52A39ED54002E2C71 /* LoginView.swift */; };
		AF9FA2F82A39ED5F002E2C71 /* RegisterView.swift in Sources */ = {isa = PBXBuildFile; fileRef = AF9FA2F72A39ED5F002E2C71 /* RegisterView.swift */; };
		AF9FA2FA2A39ED97002E2C71 /* ToDoListItemView.swift in Sources */ = {isa = PBXBuildFile; fileRef = AF9FA2F92A39ED97002E2C71 /* ToDoListItemView.swift */; };
		AF9FA2FC2A39EDD4002E2C71 /* User.swift in Sources */ = {isa = PBXBuildFile; fileRef = AF9FA2FB2A39EDD4002E2C71 /* User.swift */; };
		AF9FA2FE2A39EDDF002E2C71 /* ToDolistItem.swift in Sources */ = {isa = PBXBuildFile; fileRef = AF9FA2FD2A39EDDF002E2C71 /* ToDolistItem.swift */; };
		AF9FA3002A39EE07002E2C71 /* MainViewViewModel.swift in Sources */ = {isa = PBXBuildFile; fileRef = AF9FA2FF2A39EE07002E2C71 /* MainViewViewModel.swift */; };
		AF9FA3022A39EE14002E2C71 /* ProfileViewViewModel.swift in Sources */ = {isa = PBXBuildFile; fileRef = AF9FA3012A39EE14002E2C71 /* ProfileViewViewModel.swift */; };
		AF9FA3042A39EE25002E2C71 /* ToDoListViewViewModel.swift in Sources */ = {isa = PBXBuildFile; fileRef = AF9FA3032A39EE25002E2C71 /* ToDoListViewViewModel.swift */; };
		AF9FA3062A39EE37002E2C71 /* NewItemViewViewModel.swift in Sources */ = {isa = PBXBuildFile; fileRef = AF9FA3052A39EE37002E2C71 /* NewItemViewViewModel.swift */; };
		AF9FA3082A39EE45002E2C71 /* LoginViewViewModel.swift in Sources */ = {isa = PBXBuildFile; fileRef = AF9FA3072A39EE45002E2C71 /* LoginViewViewModel.swift */; };
		AF9FA30A2A39EE52002E2C71 /* RegisterViewViewModel.swift in Sources */ = {isa = PBXBuildFile; fileRef = AF9FA3092A39EE52002E2C71 /* RegisterViewViewModel.swift */; };
		AF9FA30C2A39EE63002E2C71 /* ToDoListItemViewViewModel.swift in Sources */ = {isa = PBXBuildFile; fileRef = AF9FA30B2A39EE63002E2C71 /* ToDoListItemViewViewModel.swift */; };
		AF9FA30E2A3A1075002E2C71 /* HeaderView.swift in Sources */ = {isa = PBXBuildFile; fileRef = AF9FA30D2A3A1074002E2C71 /* HeaderView.swift */; };
		AF9FA3102A3A1D31002E2C71 /* TLButton.swift in Sources */ = {isa = PBXBuildFile; fileRef = AF9FA30F2A3A1D31002E2C71 /* TLButton.swift */; };
		AF9FA3122A3A279A002E2C71 /* Extensions.swift in Sources */ = {isa = PBXBuildFile; fileRef = AF9FA3112A3A279A002E2C71 /* Extensions.swift */; };
		AFC4C9CC2A3CB317008B9361 /* Launch Screen.storyboard in Resources */ = {isa = PBXBuildFile; fileRef = AFC4C9CB2A3CB317008B9361 /* Launch Screen.storyboard */; };
		AFF00BF52A43493C00C11913 /* IQKeyboardManagerSwift in Frameworks */ = {isa = PBXBuildFile; productRef = AFF00BF42A43493C00C11913 /* IQKeyboardManagerSwift */; };
/* End PBXBuildFile section */

/* Begin PBXFileReference section */
		AF9FA2CF2A39DFD1002E2C71 /* ToDoList.app */ = {isa = PBXFileReference; explicitFileType = wrapper.application; includeInIndex = 0; path = ToDoList.app; sourceTree = BUILT_PRODUCTS_DIR; };
		AF9FA2D22A39DFD1002E2C71 /* ToDoListApp.swift */ = {isa = PBXFileReference; lastKnownFileType = sourcecode.swift; path = ToDoListApp.swift; sourceTree = "<group>"; };
		AF9FA2D42A39DFD1002E2C71 /* MainView.swift */ = {isa = PBXFileReference; lastKnownFileType = sourcecode.swift; path = MainView.swift; sourceTree = "<group>"; };
		AF9FA2D62A39DFD2002E2C71 /* Assets.xcassets */ = {isa = PBXFileReference; lastKnownFileType = folder.assetcatalog; path = Assets.xcassets; sourceTree = "<group>"; };
		AF9FA2D92A39DFD2002E2C71 /* Preview Assets.xcassets */ = {isa = PBXFileReference; lastKnownFileType = folder.assetcatalog; path = "Preview Assets.xcassets"; sourceTree = "<group>"; };
		AF9FA2E92A39EAFD002E2C71 /* GoogleService-Info.plist */ = {isa = PBXFileReference; fileEncoding = 4; lastKnownFileType = text.plist.xml; path = "GoogleService-Info.plist"; sourceTree = "<group>"; };
		AF9FA2EF2A39ED0F002E2C71 /* ProfileView.swift */ = {isa = PBXFileReference; lastKnownFileType = sourcecode.swift; path = ProfileView.swift; sourceTree = "<group>"; };
		AF9FA2F12A39ED40002E2C71 /* ToDoListView.swift */ = {isa = PBXFileReference; lastKnownFileType = sourcecode.swift; path = ToDoListView.swift; sourceTree = "<group>"; };
		AF9FA2F32A39ED4D002E2C71 /* NewItemView.swift */ = {isa = PBXFileReference; lastKnownFileType = sourcecode.swift; path = NewItemView.swift; sourceTree = "<group>"; };
		AF9FA2F52A39ED54002E2C71 /* LoginView.swift */ = {isa = PBXFileReference; lastKnownFileType = sourcecode.swift; path = LoginView.swift; sourceTree = "<group>"; };
		AF9FA2F72A39ED5F002E2C71 /* RegisterView.swift */ = {isa = PBXFileReference; lastKnownFileType = sourcecode.swift; path = RegisterView.swift; sourceTree = "<group>"; };
		AF9FA2F92A39ED97002E2C71 /* ToDoListItemView.swift */ = {isa = PBXFileReference; lastKnownFileType = sourcecode.swift; path = ToDoListItemView.swift; sourceTree = "<group>"; };
		AF9FA2FB2A39EDD4002E2C71 /* User.swift */ = {isa = PBXFileReference; lastKnownFileType = sourcecode.swift; path = User.swift; sourceTree = "<group>"; };
		AF9FA2FD2A39EDDF002E2C71 /* ToDolistItem.swift */ = {isa = PBXFileReference; lastKnownFileType = sourcecode.swift; path = ToDolistItem.swift; sourceTree = "<group>"; };
		AF9FA2FF2A39EE07002E2C71 /* MainViewViewModel.swift */ = {isa = PBXFileReference; lastKnownFileType = sourcecode.swift; path = MainViewViewModel.swift; sourceTree = "<group>"; };
		AF9FA3012A39EE14002E2C71 /* ProfileViewViewModel.swift */ = {isa = PBXFileReference; lastKnownFileType = sourcecode.swift; path = ProfileViewViewModel.swift; sourceTree = "<group>"; };
		AF9FA3032A39EE25002E2C71 /* ToDoListViewViewModel.swift */ = {isa = PBXFileReference; lastKnownFileType = sourcecode.swift; path = ToDoListViewViewModel.swift; sourceTree = "<group>"; };
		AF9FA3052A39EE37002E2C71 /* NewItemViewViewModel.swift */ = {isa = PBXFileReference; lastKnownFileType = sourcecode.swift; path = NewItemViewViewModel.swift; sourceTree = "<group>"; };
		AF9FA3072A39EE45002E2C71 /* LoginViewViewModel.swift */ = {isa = PBXFileReference; lastKnownFileType = sourcecode.swift; path = LoginViewViewModel.swift; sourceTree = "<group>"; };
		AF9FA3092A39EE52002E2C71 /* RegisterViewViewModel.swift */ = {isa = PBXFileReference; lastKnownFileType = sourcecode.swift; path = RegisterViewViewModel.swift; sourceTree = "<group>"; };
		AF9FA30B2A39EE63002E2C71 /* ToDoListItemViewViewModel.swift */ = {isa = PBXFileReference; lastKnownFileType = sourcecode.swift; path = ToDoListItemViewViewModel.swift; sourceTree = "<group>"; };
		AF9FA30D2A3A1074002E2C71 /* HeaderView.swift */ = {isa = PBXFileReference; lastKnownFileType = sourcecode.swift; path = HeaderView.swift; sourceTree = "<group>"; };
		AF9FA30F2A3A1D31002E2C71 /* TLButton.swift */ = {isa = PBXFileReference; lastKnownFileType = sourcecode.swift; path = TLButton.swift; sourceTree = "<group>"; };
		AF9FA3112A3A279A002E2C71 /* Extensions.swift */ = {isa = PBXFileReference; lastKnownFileType = sourcecode.swift; path = Extensions.swift; sourceTree = "<group>"; };
		AFC4C9CB2A3CB317008B9361 /* Launch Screen.storyboard */ = {isa = PBXFileReference; lastKnownFileType = file.storyboard; path = "Launch Screen.storyboard"; sourceTree = "<group>"; };
		AFF00BF22A43322E00C11913 /* Info.plist */ = {isa = PBXFileReference; lastKnownFileType = text.plist; path = Info.plist; sourceTree = "<group>"; };
/* End PBXFileReference section */

/* Begin PBXFrameworksBuildPhase section */
		AF9FA2CC2A39DFD1002E2C71 /* Frameworks */ = {
			isa = PBXFrameworksBuildPhase;
			buildActionMask = 2147483647;
			files = (
				AF9FA2E22A39E47E002E2C71 /* FirebaseAuth in Frameworks */,
				AFF00BF52A43493C00C11913 /* IQKeyboardManagerSwift in Frameworks */,
				AF9FA2E42A39E47E002E2C71 /* FirebaseFirestore in Frameworks */,
				AF9FA2E62A39E47E002E2C71 /* FirebaseFirestoreSwift in Frameworks */,
			);
			runOnlyForDeploymentPostprocessing = 0;
		};
/* End PBXFrameworksBuildPhase section */

/* Begin PBXGroup section */
		AF9FA2C62A39DFD1002E2C71 = {
			isa = PBXGroup;
			children = (
				AF9FA2D12A39DFD1002E2C71 /* ToDoList */,
				AF9FA2D02A39DFD1002E2C71 /* Products */,
			);
			sourceTree = "<group>";
		};
		AF9FA2D02A39DFD1002E2C71 /* Products */ = {
			isa = PBXGroup;
			children = (
				AF9FA2CF2A39DFD1002E2C71 /* ToDoList.app */,
			);
			name = Products;
			sourceTree = "<group>";
		};
		AF9FA2D12A39DFD1002E2C71 /* ToDoList */ = {
			isa = PBXGroup;
			children = (
				AFF00BF22A43322E00C11913 /* Info.plist */,
				AF9FA2EE2A39EB6E002E2C71 /* Other */,
				AF9FA2ED2A39EB67002E2C71 /* Models */,
				AF9FA2EC2A39EB59002E2C71 /* ViewModels */,
				AF9FA2EB2A39EB4F002E2C71 /* Views */,
				AF9FA2D82A39DFD2002E2C71 /* Preview Content */,
			);
			path = ToDoList;
			sourceTree = "<group>";
		};
		AF9FA2D82A39DFD2002E2C71 /* Preview Content */ = {
			isa = PBXGroup;
			children = (
				AF9FA2D92A39DFD2002E2C71 /* Preview Assets.xcassets */,
			);
			path = "Preview Content";
			sourceTree = "<group>";
		};
		AF9FA2EB2A39EB4F002E2C71 /* Views */ = {
			isa = PBXGroup;
			children = (
				AF9FA2D42A39DFD1002E2C71 /* MainView.swift */,
				AF9FA2EF2A39ED0F002E2C71 /* ProfileView.swift */,
				AF9FA2F12A39ED40002E2C71 /* ToDoListView.swift */,
				AF9FA2F92A39ED97002E2C71 /* ToDoListItemView.swift */,
				AF9FA2F32A39ED4D002E2C71 /* NewItemView.swift */,
				AF9FA2F52A39ED54002E2C71 /* LoginView.swift */,
				AF9FA2F72A39ED5F002E2C71 /* RegisterView.swift */,
				AF9FA30D2A3A1074002E2C71 /* HeaderView.swift */,
				AF9FA30F2A3A1D31002E2C71 /* TLButton.swift */,
			);
			path = Views;
			sourceTree = "<group>";
		};
		AF9FA2EC2A39EB59002E2C71 /* ViewModels */ = {
			isa = PBXGroup;
			children = (
				AF9FA2FF2A39EE07002E2C71 /* MainViewViewModel.swift */,
				AF9FA3012A39EE14002E2C71 /* ProfileViewViewModel.swift */,
				AF9FA30B2A39EE63002E2C71 /* ToDoListItemViewViewModel.swift */,
				AF9FA3052A39EE37002E2C71 /* NewItemViewViewModel.swift */,
				AF9FA3072A39EE45002E2C71 /* LoginViewViewModel.swift */,
				AF9FA3092A39EE52002E2C71 /* RegisterViewViewModel.swift */,
				AF9FA3032A39EE25002E2C71 /* ToDoListViewViewModel.swift */,
			);
			path = ViewModels;
			sourceTree = "<group>";
		};
		AF9FA2ED2A39EB67002E2C71 /* Models */ = {
			isa = PBXGroup;
			children = (
				AF9FA2FB2A39EDD4002E2C71 /* User.swift */,
				AF9FA2FD2A39EDDF002E2C71 /* ToDolistItem.swift */,
			);
			path = Models;
			sourceTree = "<group>";
		};
		AF9FA2EE2A39EB6E002E2C71 /* Other */ = {
			isa = PBXGroup;
			children = (
				AF9FA2D62A39DFD2002E2C71 /* Assets.xcassets */,
				AF9FA2E92A39EAFD002E2C71 /* GoogleService-Info.plist */,
				AF9FA2D22A39DFD1002E2C71 /* ToDoListApp.swift */,
				AF9FA3112A3A279A002E2C71 /* Extensions.swift */,
				AFC4C9CB2A3CB317008B9361 /* Launch Screen.storyboard */,
			);
			path = Other;
			sourceTree = "<group>";
		};
/* End PBXGroup section */

/* Begin PBXNativeTarget section */
		AF9FA2CE2A39DFD1002E2C71 /* ToDoList */ = {
			isa = PBXNativeTarget;
			buildConfigurationList = AF9FA2DD2A39DFD2002E2C71 /* Build configuration list for PBXNativeTarget "ToDoList" */;
			buildPhases = (
				AF9FA2CB2A39DFD1002E2C71 /* Sources */,
				AF9FA2CC2A39DFD1002E2C71 /* Frameworks */,
				AF9FA2CD2A39DFD1002E2C71 /* Resources */,
			);
			buildRules = (
			);
			dependencies = (
			);
			name = ToDoList;
			packageProductDependencies = (
				AF9FA2E12A39E47E002E2C71 /* FirebaseAuth */,
				AF9FA2E32A39E47E002E2C71 /* FirebaseFirestore */,
				AF9FA2E52A39E47E002E2C71 /* FirebaseFirestoreSwift */,
				AFF00BF42A43493C00C11913 /* IQKeyboardManagerSwift */,
			);
			productName = ToDoList;
			productReference = AF9FA2CF2A39DFD1002E2C71 /* ToDoList.app */;
			productType = "com.apple.product-type.application";
		};
/* End PBXNativeTarget section */

/* Begin PBXProject section */
		AF9FA2C72A39DFD1002E2C71 /* Project object */ = {
			isa = PBXProject;
			attributes = {
				BuildIndependentTargetsInParallel = 1;
				LastSwiftUpdateCheck = 1430;
				LastUpgradeCheck = 1430;
				TargetAttributes = {
					AF9FA2CE2A39DFD1002E2C71 = {
						CreatedOnToolsVersion = 14.3.1;
					};
				};
			};
			buildConfigurationList = AF9FA2CA2A39DFD1002E2C71 /* Build configuration list for PBXProject "ToDoList" */;
			compatibilityVersion = "Xcode 14.0";
			developmentRegion = en;
			hasScannedForEncodings = 0;
			knownRegions = (
				en,
				Base,
			);
			mainGroup = AF9FA2C62A39DFD1002E2C71;
			packageReferences = (
				AF9FA2E02A39E47E002E2C71 /* XCRemoteSwiftPackageReference "firebase-ios-sdk" */,
				AFF00BF32A43493C00C11913 /* XCRemoteSwiftPackageReference "IQKeyboardManager" */,
			);
			productRefGroup = AF9FA2D02A39DFD1002E2C71 /* Products */;
			projectDirPath = "";
			projectRoot = "";
			targets = (
				AF9FA2CE2A39DFD1002E2C71 /* ToDoList */,
			);
		};
/* End PBXProject section */

/* Begin PBXResourcesBuildPhase section */
		AF9FA2CD2A39DFD1002E2C71 /* Resources */ = {
			isa = PBXResourcesBuildPhase;
			buildActionMask = 2147483647;
			files = (
				AF9FA2DA2A39DFD2002E2C71 /* Preview Assets.xcassets in Resources */,
				AF9FA2D72A39DFD2002E2C71 /* Assets.xcassets in Resources */,
				AFC4C9CC2A3CB317008B9361 /* Launch Screen.storyboard in Resources */,
				AF9FA2EA2A39EAFD002E2C71 /* GoogleService-Info.plist in Resources */,
			);
			runOnlyForDeploymentPostprocessing = 0;
		};
/* End PBXResourcesBuildPhase section */

/* Begin PBXSourcesBuildPhase section */
		AF9FA2CB2A39DFD1002E2C71 /* Sources */ = {
			isa = PBXSourcesBuildPhase;
			buildActionMask = 2147483647;
			files = (
				AF9FA2F62A39ED54002E2C71 /* LoginView.swift in Sources */,
				AF9FA30E2A3A1075002E2C71 /* HeaderView.swift in Sources */,
				AF9FA2D52A39DFD1002E2C71 /* MainView.swift in Sources */,
				AF9FA30C2A39EE63002E2C71 /* ToDoListItemViewViewModel.swift in Sources */,
				AF9FA30A2A39EE52002E2C71 /* RegisterViewViewModel.swift in Sources */,
				AF9FA3002A39EE07002E2C71 /* MainViewViewModel.swift in Sources */,
				AF9FA2F22A39ED40002E2C71 /* ToDoListView.swift in Sources */,
				AF9FA3102A3A1D31002E2C71 /* TLButton.swift in Sources */,
				AF9FA2F82A39ED5F002E2C71 /* RegisterView.swift in Sources */,
				AF9FA3022A39EE14002E2C71 /* ProfileViewViewModel.swift in Sources */,
				AF9FA2F02A39ED0F002E2C71 /* ProfileView.swift in Sources */,
				AF9FA2FC2A39EDD4002E2C71 /* User.swift in Sources */,
				AF9FA2FE2A39EDDF002E2C71 /* ToDolistItem.swift in Sources */,
				AF9FA3042A39EE25002E2C71 /* ToDoListViewViewModel.swift in Sources */,
				AF9FA3082A39EE45002E2C71 /* LoginViewViewModel.swift in Sources */,
				AF9FA3122A3A279A002E2C71 /* Extensions.swift in Sources */,
				AF9FA2FA2A39ED97002E2C71 /* ToDoListItemView.swift in Sources */,
				AF9FA2D32A39DFD1002E2C71 /* ToDoListApp.swift in Sources */,
				AF9FA2F42A39ED4D002E2C71 /* NewItemView.swift in Sources */,
				AF9FA3062A39EE37002E2C71 /* NewItemViewViewModel.swift in Sources */,
			);
			runOnlyForDeploymentPostprocessing = 0;
		};
/* End PBXSourcesBuildPhase section */

/* Begin XCBuildConfiguration section */
		AF9FA2DB2A39DFD2002E2C71 /* Debug */ = {
			isa = XCBuildConfiguration;
			buildSettings = {
				ALWAYS_SEARCH_USER_PATHS = NO;
				CLANG_ANALYZER_NONNULL = YES;
				CLANG_ANALYZER_NUMBER_OBJECT_CONVERSION = YES_AGGRESSIVE;
				CLANG_CXX_LANGUAGE_STANDARD = "gnu++20";
				CLANG_ENABLE_MODULES = YES;
				CLANG_ENABLE_OBJC_ARC = YES;
				CLANG_ENABLE_OBJC_WEAK = YES;
				CLANG_WARN_BLOCK_CAPTURE_AUTORELEASING = YES;
				CLANG_WARN_BOOL_CONVERSION = YES;
				CLANG_WARN_COMMA = YES;
				CLANG_WARN_CONSTANT_CONVERSION = YES;
				CLANG_WARN_DEPRECATED_OBJC_IMPLEMENTATIONS = YES;
				CLANG_WARN_DIRECT_OBJC_ISA_USAGE = YES_ERROR;
				CLANG_WARN_DOCUMENTATION_COMMENTS = YES;
				CLANG_WARN_EMPTY_BODY = YES;
				CLANG_WARN_ENUM_CONVERSION = YES;
				CLANG_WARN_INFINITE_RECURSION = YES;
				CLANG_WARN_INT_CONVERSION = YES;
				CLANG_WARN_NON_LITERAL_NULL_CONVERSION = YES;
				CLANG_WARN_OBJC_IMPLICIT_RETAIN_SELF = YES;
				CLANG_WARN_OBJC_LITERAL_CONVERSION = YES;
				CLANG_WARN_OBJC_ROOT_CLASS = YES_ERROR;
				CLANG_WARN_QUOTED_INCLUDE_IN_FRAMEWORK_HEADER = YES;
				CLANG_WARN_RANGE_LOOP_ANALYSIS = YES;
				CLANG_WARN_STRICT_PROTOTYPES = YES;
				CLANG_WARN_SUSPICIOUS_MOVE = YES;
				CLANG_WARN_UNGUARDED_AVAILABILITY = YES_AGGRESSIVE;
				CLANG_WARN_UNREACHABLE_CODE = YES;
				CLANG_WARN__DUPLICATE_METHOD_MATCH = YES;
				COPY_PHASE_STRIP = NO;
				DEBUG_INFORMATION_FORMAT = dwarf;
				ENABLE_STRICT_OBJC_MSGSEND = YES;
				ENABLE_TESTABILITY = YES;
				GCC_C_LANGUAGE_STANDARD = gnu11;
				GCC_DYNAMIC_NO_PIC = NO;
				GCC_NO_COMMON_BLOCKS = YES;
				GCC_OPTIMIZATION_LEVEL = 0;
				GCC_PREPROCESSOR_DEFINITIONS = (
					"DEBUG=1",
					"$(inherited)",
				);
				GCC_WARN_64_TO_32_BIT_CONVERSION = YES;
				GCC_WARN_ABOUT_RETURN_TYPE = YES_ERROR;
				GCC_WARN_UNDECLARED_SELECTOR = YES;
				GCC_WARN_UNINITIALIZED_AUTOS = YES_AGGRESSIVE;
				GCC_WARN_UNUSED_FUNCTION = YES;
				GCC_WARN_UNUSED_VARIABLE = YES;
				IPHONEOS_DEPLOYMENT_TARGET = 16.0;
				MTL_ENABLE_DEBUG_INFO = INCLUDE_SOURCE;
				MTL_FAST_MATH = YES;
				ONLY_ACTIVE_ARCH = YES;
				SDKROOT = iphoneos;
				SWIFT_ACTIVE_COMPILATION_CONDITIONS = DEBUG;
				SWIFT_OPTIMIZATION_LEVEL = "-Onone";
			};
			name = Debug;
		};
		AF9FA2DC2A39DFD2002E2C71 /* Release */ = {
			isa = XCBuildConfiguration;
			buildSettings = {
				ALWAYS_SEARCH_USER_PATHS = NO;
				CLANG_ANALYZER_NONNULL = YES;
				CLANG_ANALYZER_NUMBER_OBJECT_CONVERSION = YES_AGGRESSIVE;
				CLANG_CXX_LANGUAGE_STANDARD = "gnu++20";
				CLANG_ENABLE_MODULES = YES;
				CLANG_ENABLE_OBJC_ARC = YES;
				CLANG_ENABLE_OBJC_WEAK = YES;
				CLANG_WARN_BLOCK_CAPTURE_AUTORELEASING = YES;
				CLANG_WARN_BOOL_CONVERSION = YES;
				CLANG_WARN_COMMA = YES;
				CLANG_WARN_CONSTANT_CONVERSION = YES;
				CLANG_WARN_DEPRECATED_OBJC_IMPLEMENTATIONS = YES;
				CLANG_WARN_DIRECT_OBJC_ISA_USAGE = YES_ERROR;
				CLANG_WARN_DOCUMENTATION_COMMENTS = YES;
				CLANG_WARN_EMPTY_BODY = YES;
				CLANG_WARN_ENUM_CONVERSION = YES;
				CLANG_WARN_INFINITE_RECURSION = YES;
				CLANG_WARN_INT_CONVERSION = YES;
				CLANG_WARN_NON_LITERAL_NULL_CONVERSION = YES;
				CLANG_WARN_OBJC_IMPLICIT_RETAIN_SELF = YES;
				CLANG_WARN_OBJC_LITERAL_CONVERSION = YES;
				CLANG_WARN_OBJC_ROOT_CLASS = YES_ERROR;
				CLANG_WARN_QUOTED_INCLUDE_IN_FRAMEWORK_HEADER = YES;
				CLANG_WARN_RANGE_LOOP_ANALYSIS = YES;
				CLANG_WARN_STRICT_PROTOTYPES = YES;
				CLANG_WARN_SUSPICIOUS_MOVE = YES;
				CLANG_WARN_UNGUARDED_AVAILABILITY = YES_AGGRESSIVE;
				CLANG_WARN_UNREACHABLE_CODE = YES;
				CLANG_WARN__DUPLICATE_METHOD_MATCH = YES;
				COPY_PHASE_STRIP = NO;
				DEBUG_INFORMATION_FORMAT = "dwarf-with-dsym";
				ENABLE_NS_ASSERTIONS = NO;
				ENABLE_STRICT_OBJC_MSGSEND = YES;
				GCC_C_LANGUAGE_STANDARD = gnu11;
				GCC_NO_COMMON_BLOCKS = YES;
				GCC_WARN_64_TO_32_BIT_CONVERSION = YES;
				GCC_WARN_ABOUT_RETURN_TYPE = YES_ERROR;
				GCC_WARN_UNDECLARED_SELECTOR = YES;
				GCC_WARN_UNINITIALIZED_AUTOS = YES_AGGRESSIVE;
				GCC_WARN_UNUSED_FUNCTION = YES;
				GCC_WARN_UNUSED_VARIABLE = YES;
				IPHONEOS_DEPLOYMENT_TARGET = 16.0;
				MTL_ENABLE_DEBUG_INFO = NO;
				MTL_FAST_MATH = YES;
				SDKROOT = iphoneos;
				SWIFT_COMPILATION_MODE = wholemodule;
				SWIFT_OPTIMIZATION_LEVEL = "-O";
				VALIDATE_PRODUCT = YES;
			};
			name = Release;
		};
		AF9FA2DE2A39DFD2002E2C71 /* Debug */ = {
			isa = XCBuildConfiguration;
			buildSettings = {
				ASSETCATALOG_COMPILER_APPICON_NAME = AppIcon;
				ASSETCATALOG_COMPILER_GLOBAL_ACCENT_COLOR_NAME = AccentColor;
				CODE_SIGN_STYLE = Automatic;
				CURRENT_PROJECT_VERSION = 1;
				DEVELOPMENT_ASSET_PATHS = "\"ToDoList/Preview Content\"";
				DEVELOPMENT_TEAM = D857Q9QNF5;
				ENABLE_PREVIEWS = YES;
				GENERATE_INFOPLIST_FILE = YES;
				INFOPLIST_FILE = ToDoList/Info.plist;
				INFOPLIST_KEY_CFBundleDisplayName = "To Do List";
				INFOPLIST_KEY_LSApplicationCategoryType = "public.app-category.productivity";
				INFOPLIST_KEY_UIApplicationSceneManifest_Generation = YES;
				INFOPLIST_KEY_UIApplicationSupportsIndirectInputEvents = YES;
				INFOPLIST_KEY_UILaunchScreen_Generation = YES;
				INFOPLIST_KEY_UIStatusBarStyle = "";
				INFOPLIST_KEY_UISupportedInterfaceOrientations = UIInterfaceOrientationPortrait;
				LD_RUNPATH_SEARCH_PATHS = (
					"$(inherited)",
					"@executable_path/Frameworks",
				);
				MARKETING_VERSION = 1.0;
				PRODUCT_BUNDLE_IDENTIFIER = com.btarcann.ToDoList;
				PRODUCT_NAME = "$(TARGET_NAME)";
				SUPPORTED_PLATFORMS = "iphoneos iphonesimulator";
				SUPPORTS_MACCATALYST = NO;
				SUPPORTS_MAC_DESIGNED_FOR_IPHONE_IPAD = NO;
				SWIFT_EMIT_LOC_STRINGS = YES;
				SWIFT_VERSION = 5.0;
				TARGETED_DEVICE_FAMILY = "1,2";
			};
			name = Debug;
		};
		AF9FA2DF2A39DFD2002E2C71 /* Release */ = {
			isa = XCBuildConfiguration;
			buildSettings = {
				ASSETCATALOG_COMPILER_APPICON_NAME = AppIcon;
				ASSETCATALOG_COMPILER_GLOBAL_ACCENT_COLOR_NAME = AccentColor;
				CODE_SIGN_STYLE = Automatic;
				CURRENT_PROJECT_VERSION = 1;
				DEVELOPMENT_ASSET_PATHS = "\"ToDoList/Preview Content\"";
				DEVELOPMENT_TEAM = D857Q9QNF5;
				ENABLE_PREVIEWS = YES;
				GENERATE_INFOPLIST_FILE = YES;
				INFOPLIST_FILE = ToDoList/Info.plist;
				INFOPLIST_KEY_CFBundleDisplayName = "To Do List";
				INFOPLIST_KEY_LSApplicationCategoryType = "public.app-category.productivity";
				INFOPLIST_KEY_UIApplicationSceneManifest_Generation = YES;
				INFOPLIST_KEY_UIApplicationSupportsIndirectInputEvents = YES;
				INFOPLIST_KEY_UILaunchScreen_Generation = YES;
				INFOPLIST_KEY_UIStatusBarStyle = "";
				INFOPLIST_KEY_UISupportedInterfaceOrientations = UIInterfaceOrientationPortrait;
				LD_RUNPATH_SEARCH_PATHS = (
					"$(inherited)",
					"@executable_path/Frameworks",
				);
				MARKETING_VERSION = 1.0;
				PRODUCT_BUNDLE_IDENTIFIER = com.btarcann.ToDoList;
				PRODUCT_NAME = "$(TARGET_NAME)";
				SUPPORTED_PLATFORMS = "iphoneos iphonesimulator";
				SUPPORTS_MACCATALYST = NO;
				SUPPORTS_MAC_DESIGNED_FOR_IPHONE_IPAD = NO;
				SWIFT_EMIT_LOC_STRINGS = YES;
				SWIFT_VERSION = 5.0;
				TARGETED_DEVICE_FAMILY = "1,2";
			};
			name = Release;
		};
/* End XCBuildConfiguration section */

/* Begin XCConfigurationList section */
		AF9FA2CA2A39DFD1002E2C71 /* Build configuration list for PBXProject "ToDoList" */ = {
			isa = XCConfigurationList;
			buildConfigurations = (
				AF9FA2DB2A39DFD2002E2C71 /* Debug */,
				AF9FA2DC2A39DFD2002E2C71 /* Release */,
			);
			defaultConfigurationIsVisible = 0;
			defaultConfigurationName = Release;
		};
		AF9FA2DD2A39DFD2002E2C71 /* Build configuration list for PBXNativeTarget "ToDoList" */ = {
			isa = XCConfigurationList;
			buildConfigurations = (
				AF9FA2DE2A39DFD2002E2C71 /* Debug */,
				AF9FA2DF2A39DFD2002E2C71 /* Release */,
			);
			defaultConfigurationIsVisible = 0;
			defaultConfigurationName = Release;
		};
/* End XCConfigurationList section */

/* Begin XCRemoteSwiftPackageReference section */
		AF9FA2E02A39E47E002E2C71 /* XCRemoteSwiftPackageReference "firebase-ios-sdk" */ = {
			isa = XCRemoteSwiftPackageReference;
			repositoryURL = "https://github.com/firebase/firebase-ios-sdk.git";
			requirement = {
				kind = upToNextMajorVersion;
				minimumVersion = 10.0.0;
			};
		};
		AFF00BF32A43493C00C11913 /* XCRemoteSwiftPackageReference "IQKeyboardManager" */ = {
			isa = XCRemoteSwiftPackageReference;
			repositoryURL = "https://github.com/hackiftekhar/IQKeyboardManager";
			requirement = {
				kind = upToNextMajorVersion;
				minimumVersion = 6.0.0;
			};
		};
/* End XCRemoteSwiftPackageReference section */

/* Begin XCSwiftPackageProductDependency section */
		AF9FA2E12A39E47E002E2C71 /* FirebaseAuth */ = {
			isa = XCSwiftPackageProductDependency;
			package = AF9FA2E02A39E47E002E2C71 /* XCRemoteSwiftPackageReference "firebase-ios-sdk" */;
			productName = FirebaseAuth;
		};
		AF9FA2E32A39E47E002E2C71 /* FirebaseFirestore */ = {
			isa = XCSwiftPackageProductDependency;
			package = AF9FA2E02A39E47E002E2C71 /* XCRemoteSwiftPackageReference "firebase-ios-sdk" */;
			productName = FirebaseFirestore;
		};
		AF9FA2E52A39E47E002E2C71 /* FirebaseFirestoreSwift */ = {
			isa = XCSwiftPackageProductDependency;
			package = AF9FA2E02A39E47E002E2C71 /* XCRemoteSwiftPackageReference "firebase-ios-sdk" */;
			productName = FirebaseFirestoreSwift;
		};
		AFF00BF42A43493C00C11913 /* IQKeyboardManagerSwift */ = {
			isa = XCSwiftPackageProductDependency;
			package = AFF00BF32A43493C00C11913 /* XCRemoteSwiftPackageReference "IQKeyboardManager" */;
			productName = IQKeyboardManagerSwift;
		};
/* End XCSwiftPackageProductDependency section */
	};
	rootObject = AF9FA2C72A39DFD1002E2C71 /* Project object */;
}
